
Microsoft Visual Studio Solution File, Format Version 12.00
# Visual Studio Version 16
VisualStudioVersion = 16.0.31424.327
MinimumVisualStudioVersion = 10.0.40219.1
Project("{FAE04EC0-301F-11D3-BF4B-00C04F79EFBC}") = "CIPReport", "CIPReport.csproj", "{3A217BB5-55BC-4B31-BB3B-6A420035A8B0}"
EndProject
Global
	GlobalSection(SolutionConfigurationPlatforms) = preSolution
		Debug|Any CPU = Debug|Any CPU
		Release|Any CPU = Release|Any CPU
	EndGlobalSection
	GlobalSection(ProjectConfigurationPlatforms) = postSolution
		{3A217BB5-55BC-4B31-BB3B-6A420035A8B0}.Debug|Any CPU.ActiveCfg = Debug|Any CPU
		{3A217BB5-55BC-4B31-BB3B-6A420035A8B0}.Debug|Any CPU.Build.0 = Debug|Any CPU
		{3A217BB5-55BC-4B31-BB3B-6A420035A8B0}.Release|Any CPU.ActiveCfg = Release|Any CPU
		{3A217BB5-55BC-4B31-BB3B-6A420035A8B0}.Release|Any CPU.Build.0 = Release|Any CPU
	EndGlobalSection
	GlobalSection(SolutionProperties) = preSolution
		HideSolutionNode = FALSE
	EndGlobalSection
	GlobalSection(ExtensibilityGlobals) = postSolution
		SolutionGuid = {F8ED5439-8199-4EF9-A77F-F7F5D575D2B2}
	EndGlobalSection
EndGlobal
